// !$*UTF8*$!
{
	archiveVersion = 1;
	classes = {
	};
	objectVersion = 56;
	objects = {

/* Begin PBXBuildFile section */
		33388CD42C6760AF00DECDC3 /* AppleLoginView.swift in Sources */ = {isa = PBXBuildFile; fileRef = 33388CD32C6760AF00DECDC3 /* AppleLoginView.swift */; };
		33388CD82C67662600DECDC3 /* KeychainHelper.swift in Sources */ = {isa = PBXBuildFile; fileRef = 33388CD72C67662600DECDC3 /* KeychainHelper.swift */; };
		33388CDA2C67747700DECDC3 /* AppleAuthManager.swift in Sources */ = {isa = PBXBuildFile; fileRef = 33388CD92C67747700DECDC3 /* AppleAuthManager.swift */; };
		33A068E02C75C2B900EF0F09 /* Member.swift in Sources */ = {isa = PBXBuildFile; fileRef = 33A068DF2C75C2B900EF0F09 /* Member.swift */; };
		33A068E22C75C35D00EF0F09 /* User.swift in Sources */ = {isa = PBXBuildFile; fileRef = 33A068E12C75C35D00EF0F09 /* User.swift */; };
		33A068E42C75C65700EF0F09 /* SharedItem.swift in Sources */ = {isa = PBXBuildFile; fileRef = 33A068E32C75C65700EF0F09 /* SharedItem.swift */; };
		33A068E62C75C96300EF0F09 /* Room.swift in Sources */ = {isa = PBXBuildFile; fileRef = 33A068E52C75C96300EF0F09 /* Room.swift */; };
		33A068E82C75C9E900EF0F09 /* CustomColor.swift in Sources */ = {isa = PBXBuildFile; fileRef = 33A068E72C75C9E900EF0F09 /* CustomColor.swift */; };
		4657826F2C75C2CC00149EC1 /* Assets.xcassets in Resources */ = {isa = PBXBuildFile; fileRef = 4657826D2C75C2CC00149EC1 /* Assets.xcassets */; };
		4657827E2C75D07E00149EC1 /* CreateRoomView.swift in Sources */ = {isa = PBXBuildFile; fileRef = 4657827D2C75D07E00149EC1 /* CreateRoomView.swift */; };
		465782822C75D0C400149EC1 /* DestinationView.swift in Sources */ = {isa = PBXBuildFile; fileRef = 465782812C75D0C400149EC1 /* DestinationView.swift */; };
		465782842C75D0F100149EC1 /* DurationField.swift in Sources */ = {isa = PBXBuildFile; fileRef = 465782832C75D0F100149EC1 /* DurationField.swift */; };
		465782862C75D11600149EC1 /* RoomColorField.swift in Sources */ = {isa = PBXBuildFile; fileRef = 465782852C75D11600149EC1 /* RoomColorField.swift */; };
		465782882C75D12B00149EC1 /* RoomNameField.swift in Sources */ = {isa = PBXBuildFile; fileRef = 465782872C75D12B00149EC1 /* RoomNameField.swift */; };
		4657828F2C7600E000149EC1 /* SharedItemView.swift in Sources */ = {isa = PBXBuildFile; fileRef = 4657828E2C7600E000149EC1 /* SharedItemView.swift */; };
		465782912C76113000149EC1 /* SharedItemNotYetListView.swift in Sources */ = {isa = PBXBuildFile; fileRef = 465782902C76113000149EC1 /* SharedItemNotYetListView.swift */; };
		465782932C76114C00149EC1 /* SharedItemDoneListView.swift in Sources */ = {isa = PBXBuildFile; fileRef = 465782922C76114C00149EC1 /* SharedItemDoneListView.swift */; };
		465782962C76171D00149EC1 /* SettingView.swift in Sources */ = {isa = PBXBuildFile; fileRef = 465782952C76171D00149EC1 /* SettingView.swift */; };
		465782982C76182700149EC1 /* RoomSettingView.swift in Sources */ = {isa = PBXBuildFile; fileRef = 465782972C76182700149EC1 /* RoomSettingView.swift */; };
		4657829A2C76186000149EC1 /* SettingRoomNameField.swift in Sources */ = {isa = PBXBuildFile; fileRef = 465782992C76186000149EC1 /* SettingRoomNameField.swift */; };
		4657829C2C76194400149EC1 /* SettingDestinationView.swift in Sources */ = {isa = PBXBuildFile; fileRef = 4657829B2C76194400149EC1 /* SettingDestinationView.swift */; };
		465782A02C76199300149EC1 /* SettingDurationField.swift in Sources */ = {isa = PBXBuildFile; fileRef = 4657829F2C76199300149EC1 /* SettingDurationField.swift */; };
		465782A22C7619B600149EC1 /* SettingRoomColorField.swift in Sources */ = {isa = PBXBuildFile; fileRef = 465782A12C7619B600149EC1 /* SettingRoomColorField.swift */; };
		465782A42C762F6300149EC1 /* FAQView.swift in Sources */ = {isa = PBXBuildFile; fileRef = 465782A32C762F6300149EC1 /* FAQView.swift */; };
		721F5FE12C6FD2AE003606A4 /* RoomView.swift in Sources */ = {isa = PBXBuildFile; fileRef = 721F5FDE2C6FD2AE003606A4 /* RoomView.swift */; };
		721F5FE22C6FD2AE003606A4 /* RoomViewTabs.swift in Sources */ = {isa = PBXBuildFile; fileRef = 721F5FDF2C6FD2AE003606A4 /* RoomViewTabs.swift */; };
		7243C14D2C75E8700087125E /* MyItemListView.swift in Sources */ = {isa = PBXBuildFile; fileRef = 7243C14C2C75E8700087125E /* MyItemListView.swift */; };
		7243C1512C75E9CF0087125E /* MyItemRow.swift in Sources */ = {isa = PBXBuildFile; fileRef = 7243C1502C75E9CF0087125E /* MyItemRow.swift */; };
		7243C1532C75F4C70087125E /* MySharedItemListView.swift in Sources */ = {isa = PBXBuildFile; fileRef = 7243C1522C75F4C70087125E /* MySharedItemListView.swift */; };
		729F67F12C709C7700F470CB /* MyItemView.swift in Sources */ = {isa = PBXBuildFile; fileRef = 729F67F02C709C7700F470CB /* MyItemView.swift */; };
		FB1050BC2C6F33F90014097E /* AddItemSheet.swift in Sources */ = {isa = PBXBuildFile; fileRef = FB1050BB2C6F33F90014097E /* AddItemSheet.swift */; };
		FB1050C02C6F366C0014097E /* Item.swift in Sources */ = {isa = PBXBuildFile; fileRef = FB1050BF2C6F366C0014097E /* Item.swift */; };
		FB1050C22C6F37EE0014097E /* ItemList.swift in Sources */ = {isa = PBXBuildFile; fileRef = FB1050C12C6F37EE0014097E /* ItemList.swift */; };
		FB16D3E32C4D269400FD2F7E /* CarouselView.swift in Sources */ = {isa = PBXBuildFile; fileRef = FB16D3E22C4D269400FD2F7E /* CarouselView.swift */; };
		FB16D4672C52AC7D00FD2F7E /* TicketView.swift in Sources */ = {isa = PBXBuildFile; fileRef = FB16D4662C52AC7D00FD2F7E /* TicketView.swift */; };
		FB16D4692C52ADB800FD2F7E /* EmptyTicketView.swift in Sources */ = {isa = PBXBuildFile; fileRef = FB16D4682C52ADB800FD2F7E /* EmptyTicketView.swift */; };
		FBBA97302C3821E500473B51 /* PickPackApp.swift in Sources */ = {isa = PBXBuildFile; fileRef = FBBA972F2C3821E500473B51 /* PickPackApp.swift */; };
		FBBA97322C3821E500473B51 /* ContentView.swift in Sources */ = {isa = PBXBuildFile; fileRef = FBBA97312C3821E500473B51 /* ContentView.swift */; };
		FBBA97552C43C0A500473B51 /* MainView.swift in Sources */ = {isa = PBXBuildFile; fileRef = FBBA97542C43C0A500473B51 /* MainView.swift */; };
/* End PBXBuildFile section */

/* Begin PBXFileReference section */
		33388CD32C6760AF00DECDC3 /* AppleLoginView.swift */ = {isa = PBXFileReference; lastKnownFileType = sourcecode.swift; path = AppleLoginView.swift; sourceTree = "<group>"; };
		33388CD72C67662600DECDC3 /* KeychainHelper.swift */ = {isa = PBXFileReference; lastKnownFileType = sourcecode.swift; path = KeychainHelper.swift; sourceTree = "<group>"; };
		33388CD92C67747700DECDC3 /* AppleAuthManager.swift */ = {isa = PBXFileReference; lastKnownFileType = sourcecode.swift; path = AppleAuthManager.swift; sourceTree = "<group>"; };
		33A068DF2C75C2B900EF0F09 /* Member.swift */ = {isa = PBXFileReference; lastKnownFileType = sourcecode.swift; path = Member.swift; sourceTree = "<group>"; };
		33A068E12C75C35D00EF0F09 /* User.swift */ = {isa = PBXFileReference; lastKnownFileType = sourcecode.swift; path = User.swift; sourceTree = "<group>"; };
		33A068E32C75C65700EF0F09 /* SharedItem.swift */ = {isa = PBXFileReference; lastKnownFileType = sourcecode.swift; path = SharedItem.swift; sourceTree = "<group>"; };
		33A068E52C75C96300EF0F09 /* Room.swift */ = {isa = PBXFileReference; lastKnownFileType = sourcecode.swift; path = Room.swift; sourceTree = "<group>"; };
		33A068E72C75C9E900EF0F09 /* CustomColor.swift */ = {isa = PBXFileReference; lastKnownFileType = sourcecode.swift; path = CustomColor.swift; sourceTree = "<group>"; };
		4657826D2C75C2CC00149EC1 /* Assets.xcassets */ = {isa = PBXFileReference; lastKnownFileType = folder.assetcatalog; path = Assets.xcassets; sourceTree = "<group>"; };
		4657827D2C75D07E00149EC1 /* CreateRoomView.swift */ = {isa = PBXFileReference; lastKnownFileType = sourcecode.swift; path = CreateRoomView.swift; sourceTree = "<group>"; };
		465782812C75D0C400149EC1 /* DestinationView.swift */ = {isa = PBXFileReference; lastKnownFileType = sourcecode.swift; path = DestinationView.swift; sourceTree = "<group>"; };
		465782832C75D0F100149EC1 /* DurationField.swift */ = {isa = PBXFileReference; lastKnownFileType = sourcecode.swift; path = DurationField.swift; sourceTree = "<group>"; };
		465782852C75D11600149EC1 /* RoomColorField.swift */ = {isa = PBXFileReference; lastKnownFileType = sourcecode.swift; path = RoomColorField.swift; sourceTree = "<group>"; };
		465782872C75D12B00149EC1 /* RoomNameField.swift */ = {isa = PBXFileReference; lastKnownFileType = sourcecode.swift; path = RoomNameField.swift; sourceTree = "<group>"; };
		4657828E2C7600E000149EC1 /* SharedItemView.swift */ = {isa = PBXFileReference; lastKnownFileType = sourcecode.swift; path = SharedItemView.swift; sourceTree = "<group>"; };
		465782902C76113000149EC1 /* SharedItemNotYetListView.swift */ = {isa = PBXFileReference; lastKnownFileType = sourcecode.swift; path = SharedItemNotYetListView.swift; sourceTree = "<group>"; };
		465782922C76114C00149EC1 /* SharedItemDoneListView.swift */ = {isa = PBXFileReference; lastKnownFileType = sourcecode.swift; path = SharedItemDoneListView.swift; sourceTree = "<group>"; };
		465782952C76171D00149EC1 /* SettingView.swift */ = {isa = PBXFileReference; lastKnownFileType = sourcecode.swift; path = SettingView.swift; sourceTree = "<group>"; };
		465782972C76182700149EC1 /* RoomSettingView.swift */ = {isa = PBXFileReference; lastKnownFileType = sourcecode.swift; path = RoomSettingView.swift; sourceTree = "<group>"; };
		465782992C76186000149EC1 /* SettingRoomNameField.swift */ = {isa = PBXFileReference; lastKnownFileType = sourcecode.swift; path = SettingRoomNameField.swift; sourceTree = "<group>"; };
		4657829B2C76194400149EC1 /* SettingDestinationView.swift */ = {isa = PBXFileReference; lastKnownFileType = sourcecode.swift; path = SettingDestinationView.swift; sourceTree = "<group>"; };
		4657829F2C76199300149EC1 /* SettingDurationField.swift */ = {isa = PBXFileReference; lastKnownFileType = sourcecode.swift; path = SettingDurationField.swift; sourceTree = "<group>"; };
		465782A12C7619B600149EC1 /* SettingRoomColorField.swift */ = {isa = PBXFileReference; lastKnownFileType = sourcecode.swift; path = SettingRoomColorField.swift; sourceTree = "<group>"; };
		465782A32C762F6300149EC1 /* FAQView.swift */ = {isa = PBXFileReference; lastKnownFileType = sourcecode.swift; path = FAQView.swift; sourceTree = "<group>"; };
		721F5FDE2C6FD2AE003606A4 /* RoomView.swift */ = {isa = PBXFileReference; fileEncoding = 4; lastKnownFileType = sourcecode.swift; path = RoomView.swift; sourceTree = "<group>"; };
		721F5FDF2C6FD2AE003606A4 /* RoomViewTabs.swift */ = {isa = PBXFileReference; fileEncoding = 4; lastKnownFileType = sourcecode.swift; path = RoomViewTabs.swift; sourceTree = "<group>"; };
		7243C14C2C75E8700087125E /* MyItemListView.swift */ = {isa = PBXFileReference; lastKnownFileType = sourcecode.swift; path = MyItemListView.swift; sourceTree = "<group>"; };
		7243C1502C75E9CF0087125E /* MyItemRow.swift */ = {isa = PBXFileReference; lastKnownFileType = sourcecode.swift; path = MyItemRow.swift; sourceTree = "<group>"; };
		7243C1522C75F4C70087125E /* MySharedItemListView.swift */ = {isa = PBXFileReference; lastKnownFileType = sourcecode.swift; path = MySharedItemListView.swift; sourceTree = "<group>"; };
		729F67F02C709C7700F470CB /* MyItemView.swift */ = {isa = PBXFileReference; lastKnownFileType = sourcecode.swift; path = MyItemView.swift; sourceTree = "<group>"; };
		FB1050B62C6CE7B70014097E /* PickPack.entitlements */ = {isa = PBXFileReference; fileEncoding = 4; lastKnownFileType = text.plist.entitlements; path = PickPack.entitlements; sourceTree = "<group>"; };
		FB1050BB2C6F33F90014097E /* AddItemSheet.swift */ = {isa = PBXFileReference; lastKnownFileType = sourcecode.swift; path = AddItemSheet.swift; sourceTree = "<group>"; };
		FB1050BF2C6F366C0014097E /* Item.swift */ = {isa = PBXFileReference; lastKnownFileType = sourcecode.swift; path = Item.swift; sourceTree = "<group>"; };
		FB1050C12C6F37EE0014097E /* ItemList.swift */ = {isa = PBXFileReference; lastKnownFileType = sourcecode.swift; path = ItemList.swift; sourceTree = "<group>"; };
		FB16D3E22C4D269400FD2F7E /* CarouselView.swift */ = {isa = PBXFileReference; lastKnownFileType = sourcecode.swift; path = CarouselView.swift; sourceTree = "<group>"; };
		FB16D4662C52AC7D00FD2F7E /* TicketView.swift */ = {isa = PBXFileReference; lastKnownFileType = sourcecode.swift; path = TicketView.swift; sourceTree = "<group>"; };
		FB16D4682C52ADB800FD2F7E /* EmptyTicketView.swift */ = {isa = PBXFileReference; lastKnownFileType = sourcecode.swift; path = EmptyTicketView.swift; sourceTree = "<group>"; };
		FBBA972C2C3821E500473B51 /* PickPack.app */ = {isa = PBXFileReference; explicitFileType = wrapper.application; includeInIndex = 0; path = PickPack.app; sourceTree = BUILT_PRODUCTS_DIR; };
		FBBA972F2C3821E500473B51 /* PickPackApp.swift */ = {isa = PBXFileReference; lastKnownFileType = sourcecode.swift; path = PickPackApp.swift; sourceTree = "<group>"; };
		FBBA97312C3821E500473B51 /* ContentView.swift */ = {isa = PBXFileReference; lastKnownFileType = sourcecode.swift; path = ContentView.swift; sourceTree = "<group>"; };
		FBBA97542C43C0A500473B51 /* MainView.swift */ = {isa = PBXFileReference; lastKnownFileType = sourcecode.swift; path = MainView.swift; sourceTree = "<group>"; };
/* End PBXFileReference section */

/* Begin PBXFrameworksBuildPhase section */
		FBBA97292C3821E500473B51 /* Frameworks */ = {
			isa = PBXFrameworksBuildPhase;
			buildActionMask = 2147483647;
			files = (
			);
			runOnlyForDeploymentPostprocessing = 0;
		};
/* End PBXFrameworksBuildPhase section */

/* Begin PBXGroup section */
		33388CD62C67661600DECDC3 /* Helpers */ = {
			isa = PBXGroup;
			children = (
				33388CD72C67662600DECDC3 /* KeychainHelper.swift */,
			);
			path = Helpers;
			sourceTree = "<group>";
		};
		4657826E2C75C2CC00149EC1 /* Resources */ = {
			isa = PBXGroup;
			children = (
				4657826D2C75C2CC00149EC1 /* Assets.xcassets */,
			);
			path = Resources;
			sourceTree = "<group>";
		};
		4657827C2C75D06B00149EC1 /* CreateRoom */ = {
			isa = PBXGroup;
			children = (
				4657827D2C75D07E00149EC1 /* CreateRoomView.swift */,
				465782812C75D0C400149EC1 /* DestinationView.swift */,
				465782832C75D0F100149EC1 /* DurationField.swift */,
				465782852C75D11600149EC1 /* RoomColorField.swift */,
				465782872C75D12B00149EC1 /* RoomNameField.swift */,
			);
			path = CreateRoom;
			sourceTree = "<group>";
		};
		4657828D2C7600D400149EC1 /* SharedItem */ = {
			isa = PBXGroup;
			children = (
				4657828E2C7600E000149EC1 /* SharedItemView.swift */,
				465782902C76113000149EC1 /* SharedItemNotYetListView.swift */,
				465782922C76114C00149EC1 /* SharedItemDoneListView.swift */,
			);
			path = SharedItem;
			sourceTree = "<group>";
		};
		465782942C76171300149EC1 /* Setting */ = {
			isa = PBXGroup;
			children = (
				465782952C76171D00149EC1 /* SettingView.swift */,
				465782972C76182700149EC1 /* RoomSettingView.swift */,
				465782992C76186000149EC1 /* SettingRoomNameField.swift */,
				4657829B2C76194400149EC1 /* SettingDestinationView.swift */,
				4657829F2C76199300149EC1 /* SettingDurationField.swift */,
				465782A12C7619B600149EC1 /* SettingRoomColorField.swift */,
				465782A32C762F6300149EC1 /* FAQView.swift */,
			);
			path = Setting;
			sourceTree = "<group>";
		};
		721F5FE02C6FD2AE003606A4 /* Room */ = {
			isa = PBXGroup;
			children = (
				721F5FDE2C6FD2AE003606A4 /* RoomView.swift */,
				721F5FDF2C6FD2AE003606A4 /* RoomViewTabs.swift */,
				4657828D2C7600D400149EC1 /* SharedItem */,
				7243C1492C75E8120087125E /* MyItem */,
			);
			path = Room;
			sourceTree = "<group>";
		};
		7243C1492C75E8120087125E /* MyItem */ = {
			isa = PBXGroup;
			children = (
				729F67F02C709C7700F470CB /* MyItemView.swift */,
				7243C14C2C75E8700087125E /* MyItemListView.swift */,
				7243C1522C75F4C70087125E /* MySharedItemListView.swift */,
				7243C1502C75E9CF0087125E /* MyItemRow.swift */,
			);
			path = MyItem;
			sourceTree = "<group>";
		};
		FB1050B32C6CE6420014097E /* App */ = {
			isa = PBXGroup;
			children = (
				FB1050B62C6CE7B70014097E /* PickPack.entitlements */,
				FBBA972F2C3821E500473B51 /* PickPackApp.swift */,
			);
			path = App;
			sourceTree = "<group>";
		};
		FB1050B42C6CE6610014097E /* Components */ = {
			isa = PBXGroup;
			children = (
			);
			path = Components;
			sourceTree = "<group>";
		};
		FB1050B52C6CE6700014097E /* Models */ = {
			isa = PBXGroup;
			children = (
				FB1050BF2C6F366C0014097E /* Item.swift */,
				FB1050C12C6F37EE0014097E /* ItemList.swift */,
				33A068DF2C75C2B900EF0F09 /* Member.swift */,
				33A068E12C75C35D00EF0F09 /* User.swift */,
				33A068E32C75C65700EF0F09 /* SharedItem.swift */,
				33A068E52C75C96300EF0F09 /* Room.swift */,
				33A068E72C75C9E900EF0F09 /* CustomColor.swift */,
			);
			path = Models;
			sourceTree = "<group>";
		};
		FBBA97232C3821E500473B51 = {
			isa = PBXGroup;
			children = (
				FBBA972E2C3821E500473B51 /* PickPack */,
				FBBA972D2C3821E500473B51 /* Products */,
			);
			sourceTree = "<group>";
		};
		FBBA972D2C3821E500473B51 /* Products */ = {
			isa = PBXGroup;
			children = (
				FBBA972C2C3821E500473B51 /* PickPack.app */,
			);
			name = Products;
			sourceTree = "<group>";
		};
		FBBA972E2C3821E500473B51 /* PickPack */ = {
			isa = PBXGroup;
			children = (
				FB1050B32C6CE6420014097E /* App */,
				FBBA974E2C3C20B700473B51 /* Managers */,
				FB1050B52C6CE6700014097E /* Models */,
				FB1050B42C6CE6610014097E /* Components */,
				4657826E2C75C2CC00149EC1 /* Resources */,
				33388CD62C67661600DECDC3 /* Helpers */,
				FBBA97512C43B88300473B51 /* Views */,
			);
			path = PickPack;
			sourceTree = "<group>";
		};
		FBBA974E2C3C20B700473B51 /* Managers */ = {
			isa = PBXGroup;
			children = (
				33388CD92C67747700DECDC3 /* AppleAuthManager.swift */,
			);
			path = Managers;
			sourceTree = "<group>";
		};
		FBBA97512C43B88300473B51 /* Views */ = {
			isa = PBXGroup;
			children = (
				465782942C76171300149EC1 /* Setting */,
				4657827C2C75D06B00149EC1 /* CreateRoom */,
				721F5FE02C6FD2AE003606A4 /* Room */,
				FBBA97312C3821E500473B51 /* ContentView.swift */,
				FBBA97542C43C0A500473B51 /* MainView.swift */,
				FB16D3E22C4D269400FD2F7E /* CarouselView.swift */,
				FB16D4662C52AC7D00FD2F7E /* TicketView.swift */,
				FB16D4682C52ADB800FD2F7E /* EmptyTicketView.swift */,
				33388CD32C6760AF00DECDC3 /* AppleLoginView.swift */,
				FB1050BB2C6F33F90014097E /* AddItemSheet.swift */,
			);
			path = Views;
			sourceTree = "<group>";
		};
/* End PBXGroup section */

/* Begin PBXNativeTarget section */
		FBBA972B2C3821E500473B51 /* PickPack */ = {
			isa = PBXNativeTarget;
			buildConfigurationList = FBBA973A2C3821E700473B51 /* Build configuration list for PBXNativeTarget "PickPack" */;
			buildPhases = (
				FBBA97282C3821E500473B51 /* Sources */,
				FBBA97292C3821E500473B51 /* Frameworks */,
				FBBA972A2C3821E500473B51 /* Resources */,
			);
			buildRules = (
			);
			dependencies = (
			);
			name = PickPack;
			packageProductDependencies = (
			);
			productName = PickPack;
			productReference = FBBA972C2C3821E500473B51 /* PickPack.app */;
			productType = "com.apple.product-type.application";
		};
/* End PBXNativeTarget section */

/* Begin PBXProject section */
		FBBA97242C3821E500473B51 /* Project object */ = {
			isa = PBXProject;
			attributes = {
				BuildIndependentTargetsInParallel = 1;
				LastSwiftUpdateCheck = 1540;
				LastUpgradeCheck = 1540;
				TargetAttributes = {
					FBBA972B2C3821E500473B51 = {
						CreatedOnToolsVersion = 15.4;
					};
				};
			};
			buildConfigurationList = FBBA97272C3821E500473B51 /* Build configuration list for PBXProject "PickPack" */;
			compatibilityVersion = "Xcode 14.0";
			developmentRegion = en;
			hasScannedForEncodings = 0;
			knownRegions = (
				en,
				Base,
			);
			mainGroup = FBBA97232C3821E500473B51;
			packageReferences = (
			);
			productRefGroup = FBBA972D2C3821E500473B51 /* Products */;
			projectDirPath = "";
			projectRoot = "";
			targets = (
				FBBA972B2C3821E500473B51 /* PickPack */,
			);
		};
/* End PBXProject section */

/* Begin PBXResourcesBuildPhase section */
		FBBA972A2C3821E500473B51 /* Resources */ = {
			isa = PBXResourcesBuildPhase;
			buildActionMask = 2147483647;
			files = (
				4657826F2C75C2CC00149EC1 /* Assets.xcassets in Resources */,
			);
			runOnlyForDeploymentPostprocessing = 0;
		};
/* End PBXResourcesBuildPhase section */

/* Begin PBXSourcesBuildPhase section */
		FBBA97282C3821E500473B51 /* Sources */ = {
			isa = PBXSourcesBuildPhase;
			buildActionMask = 2147483647;
			files = (
				465782882C75D12B00149EC1 /* RoomNameField.swift in Sources */,
				4657829C2C76194400149EC1 /* SettingDestinationView.swift in Sources */,
				33A068E42C75C65700EF0F09 /* SharedItem.swift in Sources */,
				33388CDA2C67747700DECDC3 /* AppleAuthManager.swift in Sources */,
				33388CD42C6760AF00DECDC3 /* AppleLoginView.swift in Sources */,
				FB16D4672C52AC7D00FD2F7E /* TicketView.swift in Sources */,
				465782962C76171D00149EC1 /* SettingView.swift in Sources */,
				FBBA97322C3821E500473B51 /* ContentView.swift in Sources */,
				4657829A2C76186000149EC1 /* SettingRoomNameField.swift in Sources */,
				465782982C76182700149EC1 /* RoomSettingView.swift in Sources */,
				33A068E22C75C35D00EF0F09 /* User.swift in Sources */,
				33A068E02C75C2B900EF0F09 /* Member.swift in Sources */,
				465782932C76114C00149EC1 /* SharedItemDoneListView.swift in Sources */,
				465782A02C76199300149EC1 /* SettingDurationField.swift in Sources */,
				FB1050C22C6F37EE0014097E /* ItemList.swift in Sources */,
				465782842C75D0F100149EC1 /* DurationField.swift in Sources */,
				7243C1532C75F4C70087125E /* MySharedItemListView.swift in Sources */,
				33388CD82C67662600DECDC3 /* KeychainHelper.swift in Sources */,
				FB16D3E32C4D269400FD2F7E /* CarouselView.swift in Sources */,
				FB1050C02C6F366C0014097E /* Item.swift in Sources */,
				FB16D4692C52ADB800FD2F7E /* EmptyTicketView.swift in Sources */,
				729F67F12C709C7700F470CB /* MyItemView.swift in Sources */,
				4657828F2C7600E000149EC1 /* SharedItemView.swift in Sources */,
				465782912C76113000149EC1 /* SharedItemNotYetListView.swift in Sources */,
				721F5FE22C6FD2AE003606A4 /* RoomViewTabs.swift in Sources */,
				33A068E82C75C9E900EF0F09 /* CustomColor.swift in Sources */,
				FBBA97552C43C0A500473B51 /* MainView.swift in Sources */,
				465782822C75D0C400149EC1 /* DestinationView.swift in Sources */,
				33A068E62C75C96300EF0F09 /* Room.swift in Sources */,
				465782A42C762F6300149EC1 /* FAQView.swift in Sources */,
				7243C14D2C75E8700087125E /* MyItemListView.swift in Sources */,
				465782862C75D11600149EC1 /* RoomColorField.swift in Sources */,
				721F5FE12C6FD2AE003606A4 /* RoomView.swift in Sources */,
				FB1050BC2C6F33F90014097E /* AddItemSheet.swift in Sources */,
				FBBA97302C3821E500473B51 /* PickPackApp.swift in Sources */,
				7243C1512C75E9CF0087125E /* MyItemRow.swift in Sources */,
				4657827E2C75D07E00149EC1 /* CreateRoomView.swift in Sources */,
				465782A22C7619B600149EC1 /* SettingRoomColorField.swift in Sources */,
			);
			runOnlyForDeploymentPostprocessing = 0;
		};
/* End PBXSourcesBuildPhase section */

/* Begin XCBuildConfiguration section */
		FBBA97382C3821E700473B51 /* Debug */ = {
			isa = XCBuildConfiguration;
			buildSettings = {
				ALWAYS_SEARCH_USER_PATHS = NO;
				ASSETCATALOG_COMPILER_GENERATE_SWIFT_ASSET_SYMBOL_EXTENSIONS = YES;
				CLANG_ANALYZER_NONNULL = YES;
				CLANG_ANALYZER_NUMBER_OBJECT_CONVERSION = YES_AGGRESSIVE;
				CLANG_CXX_LANGUAGE_STANDARD = "gnu++20";
				CLANG_ENABLE_MODULES = YES;
				CLANG_ENABLE_OBJC_ARC = YES;
				CLANG_ENABLE_OBJC_WEAK = YES;
				CLANG_WARN_BLOCK_CAPTURE_AUTORELEASING = YES;
				CLANG_WARN_BOOL_CONVERSION = YES;
				CLANG_WARN_COMMA = YES;
				CLANG_WARN_CONSTANT_CONVERSION = YES;
				CLANG_WARN_DEPRECATED_OBJC_IMPLEMENTATIONS = YES;
				CLANG_WARN_DIRECT_OBJC_ISA_USAGE = YES_ERROR;
				CLANG_WARN_DOCUMENTATION_COMMENTS = YES;
				CLANG_WARN_EMPTY_BODY = YES;
				CLANG_WARN_ENUM_CONVERSION = YES;
				CLANG_WARN_INFINITE_RECURSION = YES;
				CLANG_WARN_INT_CONVERSION = YES;
				CLANG_WARN_NON_LITERAL_NULL_CONVERSION = YES;
				CLANG_WARN_OBJC_IMPLICIT_RETAIN_SELF = YES;
				CLANG_WARN_OBJC_LITERAL_CONVERSION = YES;
				CLANG_WARN_OBJC_ROOT_CLASS = YES_ERROR;
				CLANG_WARN_QUOTED_INCLUDE_IN_FRAMEWORK_HEADER = YES;
				CLANG_WARN_RANGE_LOOP_ANALYSIS = YES;
				CLANG_WARN_STRICT_PROTOTYPES = YES;
				CLANG_WARN_SUSPICIOUS_MOVE = YES;
				CLANG_WARN_UNGUARDED_AVAILABILITY = YES_AGGRESSIVE;
				CLANG_WARN_UNREACHABLE_CODE = YES;
				CLANG_WARN__DUPLICATE_METHOD_MATCH = YES;
				COPY_PHASE_STRIP = NO;
				DEBUG_INFORMATION_FORMAT = dwarf;
				ENABLE_STRICT_OBJC_MSGSEND = YES;
				ENABLE_TESTABILITY = YES;
				ENABLE_USER_SCRIPT_SANDBOXING = YES;
				GCC_C_LANGUAGE_STANDARD = gnu17;
				GCC_DYNAMIC_NO_PIC = NO;
				GCC_NO_COMMON_BLOCKS = YES;
				GCC_OPTIMIZATION_LEVEL = 0;
				GCC_PREPROCESSOR_DEFINITIONS = (
					"DEBUG=1",
					"$(inherited)",
				);
				GCC_WARN_64_TO_32_BIT_CONVERSION = YES;
				GCC_WARN_ABOUT_RETURN_TYPE = YES_ERROR;
				GCC_WARN_UNDECLARED_SELECTOR = YES;
				GCC_WARN_UNINITIALIZED_AUTOS = YES_AGGRESSIVE;
				GCC_WARN_UNUSED_FUNCTION = YES;
				GCC_WARN_UNUSED_VARIABLE = YES;
				IPHONEOS_DEPLOYMENT_TARGET = 17.5;
				LOCALIZATION_PREFERS_STRING_CATALOGS = YES;
				MTL_ENABLE_DEBUG_INFO = INCLUDE_SOURCE;
				MTL_FAST_MATH = YES;
				ONLY_ACTIVE_ARCH = YES;
				SDKROOT = iphoneos;
				SWIFT_ACTIVE_COMPILATION_CONDITIONS = "DEBUG $(inherited)";
				SWIFT_OPTIMIZATION_LEVEL = "-Onone";
			};
			name = Debug;
		};
		FBBA97392C3821E700473B51 /* Release */ = {
			isa = XCBuildConfiguration;
			buildSettings = {
				ALWAYS_SEARCH_USER_PATHS = NO;
				ASSETCATALOG_COMPILER_GENERATE_SWIFT_ASSET_SYMBOL_EXTENSIONS = YES;
				CLANG_ANALYZER_NONNULL = YES;
				CLANG_ANALYZER_NUMBER_OBJECT_CONVERSION = YES_AGGRESSIVE;
				CLANG_CXX_LANGUAGE_STANDARD = "gnu++20";
				CLANG_ENABLE_MODULES = YES;
				CLANG_ENABLE_OBJC_ARC = YES;
				CLANG_ENABLE_OBJC_WEAK = YES;
				CLANG_WARN_BLOCK_CAPTURE_AUTORELEASING = YES;
				CLANG_WARN_BOOL_CONVERSION = YES;
				CLANG_WARN_COMMA = YES;
				CLANG_WARN_CONSTANT_CONVERSION = YES;
				CLANG_WARN_DEPRECATED_OBJC_IMPLEMENTATIONS = YES;
				CLANG_WARN_DIRECT_OBJC_ISA_USAGE = YES_ERROR;
				CLANG_WARN_DOCUMENTATION_COMMENTS = YES;
				CLANG_WARN_EMPTY_BODY = YES;
				CLANG_WARN_ENUM_CONVERSION = YES;
				CLANG_WARN_INFINITE_RECURSION = YES;
				CLANG_WARN_INT_CONVERSION = YES;
				CLANG_WARN_NON_LITERAL_NULL_CONVERSION = YES;
				CLANG_WARN_OBJC_IMPLICIT_RETAIN_SELF = YES;
				CLANG_WARN_OBJC_LITERAL_CONVERSION = YES;
				CLANG_WARN_OBJC_ROOT_CLASS = YES_ERROR;
				CLANG_WARN_QUOTED_INCLUDE_IN_FRAMEWORK_HEADER = YES;
				CLANG_WARN_RANGE_LOOP_ANALYSIS = YES;
				CLANG_WARN_STRICT_PROTOTYPES = YES;
				CLANG_WARN_SUSPICIOUS_MOVE = YES;
				CLANG_WARN_UNGUARDED_AVAILABILITY = YES_AGGRESSIVE;
				CLANG_WARN_UNREACHABLE_CODE = YES;
				CLANG_WARN__DUPLICATE_METHOD_MATCH = YES;
				COPY_PHASE_STRIP = NO;
				DEBUG_INFORMATION_FORMAT = "dwarf-with-dsym";
				ENABLE_NS_ASSERTIONS = NO;
				ENABLE_STRICT_OBJC_MSGSEND = YES;
				ENABLE_USER_SCRIPT_SANDBOXING = YES;
				GCC_C_LANGUAGE_STANDARD = gnu17;
				GCC_NO_COMMON_BLOCKS = YES;
				GCC_WARN_64_TO_32_BIT_CONVERSION = YES;
				GCC_WARN_ABOUT_RETURN_TYPE = YES_ERROR;
				GCC_WARN_UNDECLARED_SELECTOR = YES;
				GCC_WARN_UNINITIALIZED_AUTOS = YES_AGGRESSIVE;
				GCC_WARN_UNUSED_FUNCTION = YES;
				GCC_WARN_UNUSED_VARIABLE = YES;
				IPHONEOS_DEPLOYMENT_TARGET = 17.5;
				LOCALIZATION_PREFERS_STRING_CATALOGS = YES;
				MTL_ENABLE_DEBUG_INFO = NO;
				MTL_FAST_MATH = YES;
				SDKROOT = iphoneos;
				SWIFT_COMPILATION_MODE = wholemodule;
				VALIDATE_PRODUCT = YES;
			};
			name = Release;
		};
		FBBA973B2C3821E700473B51 /* Debug */ = {
			isa = XCBuildConfiguration;
			buildSettings = {
				ASSETCATALOG_COMPILER_APPICON_NAME = AppIcon;
				ASSETCATALOG_COMPILER_GLOBAL_ACCENT_COLOR_NAME = AccentColor;
				CODE_SIGN_ENTITLEMENTS = PickPack/App/PickPack.entitlements;
				CODE_SIGN_STYLE = Automatic;
				CURRENT_PROJECT_VERSION = 1;
				DEVELOPMENT_ASSET_PATHS = "\"PickPack/Resources/Assets.xcassets\"";
				DEVELOPMENT_TEAM = 2UWGKS2UN5;
				ENABLE_PREVIEWS = YES;
				GENERATE_INFOPLIST_FILE = YES;
				INFOPLIST_KEY_UIApplicationSceneManifest_Generation = YES;
				INFOPLIST_KEY_UIApplicationSupportsIndirectInputEvents = YES;
				INFOPLIST_KEY_UILaunchScreen_Generation = YES;
				INFOPLIST_KEY_UISupportedInterfaceOrientations_iPad = "UIInterfaceOrientationPortrait UIInterfaceOrientationPortraitUpsideDown UIInterfaceOrientationLandscapeLeft UIInterfaceOrientationLandscapeRight";
				INFOPLIST_KEY_UISupportedInterfaceOrientations_iPhone = "UIInterfaceOrientationPortrait UIInterfaceOrientationLandscapeLeft UIInterfaceOrientationLandscapeRight";
				IPHONEOS_DEPLOYMENT_TARGET = 17.2;
				LD_RUNPATH_SEARCH_PATHS = (
					"$(inherited)",
					"@executable_path/Frameworks",
				);
				MARKETING_VERSION = 1.0;
				PRODUCT_BUNDLE_IDENTIFIER = com.shuwn.PickPack;
				PRODUCT_NAME = "$(TARGET_NAME)";
				SWIFT_EMIT_LOC_STRINGS = YES;
				SWIFT_VERSION = 5.0;
				TARGETED_DEVICE_FAMILY = "1,2";
			};
			name = Debug;
		};
		FBBA973C2C3821E700473B51 /* Release */ = {
			isa = XCBuildConfiguration;
			buildSettings = {
				ASSETCATALOG_COMPILER_APPICON_NAME = AppIcon;
				ASSETCATALOG_COMPILER_GLOBAL_ACCENT_COLOR_NAME = AccentColor;
				CODE_SIGN_ENTITLEMENTS = PickPack/App/PickPack.entitlements;
				CODE_SIGN_STYLE = Automatic;
				CURRENT_PROJECT_VERSION = 1;
				DEVELOPMENT_ASSET_PATHS = "\"PickPack/Resources/Assets.xcassets\"";
				DEVELOPMENT_TEAM = 2UWGKS2UN5;
				ENABLE_PREVIEWS = YES;
				GENERATE_INFOPLIST_FILE = YES;
				INFOPLIST_KEY_UIApplicationSceneManifest_Generation = YES;
				INFOPLIST_KEY_UIApplicationSupportsIndirectInputEvents = YES;
				INFOPLIST_KEY_UILaunchScreen_Generation = YES;
				INFOPLIST_KEY_UISupportedInterfaceOrientations_iPad = "UIInterfaceOrientationPortrait UIInterfaceOrientationPortraitUpsideDown UIInterfaceOrientationLandscapeLeft UIInterfaceOrientationLandscapeRight";
				INFOPLIST_KEY_UISupportedInterfaceOrientations_iPhone = "UIInterfaceOrientationPortrait UIInterfaceOrientationLandscapeLeft UIInterfaceOrientationLandscapeRight";
				IPHONEOS_DEPLOYMENT_TARGET = 17.2;
				LD_RUNPATH_SEARCH_PATHS = (
					"$(inherited)",
					"@executable_path/Frameworks",
				);
				MARKETING_VERSION = 1.0;
				PRODUCT_BUNDLE_IDENTIFIER = com.shuwn.PickPack;
				PRODUCT_NAME = "$(TARGET_NAME)";
				SWIFT_EMIT_LOC_STRINGS = YES;
				SWIFT_VERSION = 5.0;
				TARGETED_DEVICE_FAMILY = "1,2";
			};
			name = Release;
		};
/* End XCBuildConfiguration section */

/* Begin XCConfigurationList section */
		FBBA97272C3821E500473B51 /* Build configuration list for PBXProject "PickPack" */ = {
			isa = XCConfigurationList;
			buildConfigurations = (
				FBBA97382C3821E700473B51 /* Debug */,
				FBBA97392C3821E700473B51 /* Release */,
			);
			defaultConfigurationIsVisible = 0;
			defaultConfigurationName = Release;
		};
		FBBA973A2C3821E700473B51 /* Build configuration list for PBXNativeTarget "PickPack" */ = {
			isa = XCConfigurationList;
			buildConfigurations = (
				FBBA973B2C3821E700473B51 /* Debug */,
				FBBA973C2C3821E700473B51 /* Release */,
			);
			defaultConfigurationIsVisible = 0;
			defaultConfigurationName = Release;
		};
/* End XCConfigurationList section */
	};
	rootObject = FBBA97242C3821E500473B51 /* Project object */;
}
