// !$*UTF8*$!
{
	archiveVersion = 1;
	classes = {
	};
	objectVersion = 56;
	objects = {

/* Begin PBXBuildFile section */
		33388CD42C6760AF00DECDC3 /* AppleLoginView.swift in Sources */ = {isa = PBXBuildFile; fileRef = 33388CD32C6760AF00DECDC3 /* AppleLoginView.swift */; };
		33388CD82C67662600DECDC3 /* KeychainHelper.swift in Sources */ = {isa = PBXBuildFile; fileRef = 33388CD72C67662600DECDC3 /* KeychainHelper.swift */; };
		33388CDA2C67747700DECDC3 /* AppleAuthManager.swift in Sources */ = {isa = PBXBuildFile; fileRef = 33388CD92C67747700DECDC3 /* AppleAuthManager.swift */; };
		FB16D3E32C4D269400FD2F7E /* CarouselView.swift in Sources */ = {isa = PBXBuildFile; fileRef = FB16D3E22C4D269400FD2F7E /* CarouselView.swift */; };
		FB16D4672C52AC7D00FD2F7E /* TicketView.swift in Sources */ = {isa = PBXBuildFile; fileRef = FB16D4662C52AC7D00FD2F7E /* TicketView.swift */; };
		FB16D4692C52ADB800FD2F7E /* EmptyTicketView.swift in Sources */ = {isa = PBXBuildFile; fileRef = FB16D4682C52ADB800FD2F7E /* EmptyTicketView.swift */; };
		FBBA97302C3821E500473B51 /* PickPackApp.swift in Sources */ = {isa = PBXBuildFile; fileRef = FBBA972F2C3821E500473B51 /* PickPackApp.swift */; };
		FBBA97322C3821E500473B51 /* ContentView.swift in Sources */ = {isa = PBXBuildFile; fileRef = FBBA97312C3821E500473B51 /* ContentView.swift */; };
		FBBA97342C3821E700473B51 /* Assets.xcassets in Resources */ = {isa = PBXBuildFile; fileRef = FBBA97332C3821E700473B51 /* Assets.xcassets */; };
		FBBA97372C3821E700473B51 /* Preview Assets.xcassets in Resources */ = {isa = PBXBuildFile; fileRef = FBBA97362C3821E700473B51 /* Preview Assets.xcassets */; };
		FBBA973E2C3825C100473B51 /* GoogleService-Info.plist in Resources */ = {isa = PBXBuildFile; fileRef = FBBA973D2C3825C100473B51 /* GoogleService-Info.plist */; };
		FBBA97412C38265A00473B51 /* FirebaseAnalytics in Frameworks */ = {isa = PBXBuildFile; productRef = FBBA97402C38265A00473B51 /* FirebaseAnalytics */; };
		FBBA97432C38265A00473B51 /* FirebaseAnalyticsOnDeviceConversion in Frameworks */ = {isa = PBXBuildFile; productRef = FBBA97422C38265A00473B51 /* FirebaseAnalyticsOnDeviceConversion */; };
		FBBA97452C38265A00473B51 /* FirebaseAnalyticsSwift in Frameworks */ = {isa = PBXBuildFile; productRef = FBBA97442C38265A00473B51 /* FirebaseAnalyticsSwift */; };
		FBBA97472C38265A00473B51 /* FirebaseAnalyticsWithoutAdIdSupport in Frameworks */ = {isa = PBXBuildFile; productRef = FBBA97462C38265A00473B51 /* FirebaseAnalyticsWithoutAdIdSupport */; };
		FBBA97492C38265A00473B51 /* FirebaseAuth in Frameworks */ = {isa = PBXBuildFile; productRef = FBBA97482C38265A00473B51 /* FirebaseAuth */; };
		FBBA974B2C38265A00473B51 /* FirebaseFirestore in Frameworks */ = {isa = PBXBuildFile; productRef = FBBA974A2C38265A00473B51 /* FirebaseFirestore */; };
		FBBA974D2C38265A00473B51 /* FirebaseFirestoreSwift in Frameworks */ = {isa = PBXBuildFile; productRef = FBBA974C2C38265A00473B51 /* FirebaseFirestoreSwift */; };
		FBBA97502C3C20E200473B51 /* AuthManager.swift in Sources */ = {isa = PBXBuildFile; fileRef = FBBA974F2C3C20E200473B51 /* AuthManager.swift */; };
		FBBA97532C43B89000473B51 /* SignUpView.swift in Sources */ = {isa = PBXBuildFile; fileRef = FBBA97522C43B89000473B51 /* SignUpView.swift */; };
		FBBA97552C43C0A500473B51 /* MainView.swift in Sources */ = {isa = PBXBuildFile; fileRef = FBBA97542C43C0A500473B51 /* MainView.swift */; };
		FBBA97572C43C18100473B51 /* SignInView.swift in Sources */ = {isa = PBXBuildFile; fileRef = FBBA97562C43C18100473B51 /* SignInView.swift */; };
/* End PBXBuildFile section */

/* Begin PBXFileReference section */
		33388CD32C6760AF00DECDC3 /* AppleLoginView.swift */ = {isa = PBXFileReference; lastKnownFileType = sourcecode.swift; path = AppleLoginView.swift; sourceTree = "<group>"; };
		33388CD52C6760DB00DECDC3 /* PickPack.entitlements */ = {isa = PBXFileReference; lastKnownFileType = text.plist.entitlements; path = PickPack.entitlements; sourceTree = "<group>"; };
		33388CD72C67662600DECDC3 /* KeychainHelper.swift */ = {isa = PBXFileReference; lastKnownFileType = sourcecode.swift; path = KeychainHelper.swift; sourceTree = "<group>"; };
		33388CD92C67747700DECDC3 /* AppleAuthManager.swift */ = {isa = PBXFileReference; lastKnownFileType = sourcecode.swift; path = AppleAuthManager.swift; sourceTree = "<group>"; };
		FB16D3E22C4D269400FD2F7E /* CarouselView.swift */ = {isa = PBXFileReference; lastKnownFileType = sourcecode.swift; path = CarouselView.swift; sourceTree = "<group>"; };
		FB16D4662C52AC7D00FD2F7E /* TicketView.swift */ = {isa = PBXFileReference; lastKnownFileType = sourcecode.swift; path = TicketView.swift; sourceTree = "<group>"; };
		FB16D4682C52ADB800FD2F7E /* EmptyTicketView.swift */ = {isa = PBXFileReference; lastKnownFileType = sourcecode.swift; path = EmptyTicketView.swift; sourceTree = "<group>"; };
		FBBA972C2C3821E500473B51 /* PickPack.app */ = {isa = PBXFileReference; explicitFileType = wrapper.application; includeInIndex = 0; path = PickPack.app; sourceTree = BUILT_PRODUCTS_DIR; };
		FBBA972F2C3821E500473B51 /* PickPackApp.swift */ = {isa = PBXFileReference; lastKnownFileType = sourcecode.swift; path = PickPackApp.swift; sourceTree = "<group>"; };
		FBBA97312C3821E500473B51 /* ContentView.swift */ = {isa = PBXFileReference; lastKnownFileType = sourcecode.swift; path = ContentView.swift; sourceTree = "<group>"; };
		FBBA97332C3821E700473B51 /* Assets.xcassets */ = {isa = PBXFileReference; lastKnownFileType = folder.assetcatalog; path = Assets.xcassets; sourceTree = "<group>"; };
		FBBA97362C3821E700473B51 /* Preview Assets.xcassets */ = {isa = PBXFileReference; lastKnownFileType = folder.assetcatalog; path = "Preview Assets.xcassets"; sourceTree = "<group>"; };
		FBBA973D2C3825C100473B51 /* GoogleService-Info.plist */ = {isa = PBXFileReference; fileEncoding = 4; lastKnownFileType = text.plist.xml; path = "GoogleService-Info.plist"; sourceTree = "<group>"; };
		FBBA974F2C3C20E200473B51 /* AuthManager.swift */ = {isa = PBXFileReference; lastKnownFileType = sourcecode.swift; path = AuthManager.swift; sourceTree = "<group>"; };
		FBBA97522C43B89000473B51 /* SignUpView.swift */ = {isa = PBXFileReference; lastKnownFileType = sourcecode.swift; path = SignUpView.swift; sourceTree = "<group>"; };
		FBBA97542C43C0A500473B51 /* MainView.swift */ = {isa = PBXFileReference; lastKnownFileType = sourcecode.swift; path = MainView.swift; sourceTree = "<group>"; };
		FBBA97562C43C18100473B51 /* SignInView.swift */ = {isa = PBXFileReference; lastKnownFileType = sourcecode.swift; path = SignInView.swift; sourceTree = "<group>"; };
/* End PBXFileReference section */

/* Begin PBXFrameworksBuildPhase section */
		FBBA97292C3821E500473B51 /* Frameworks */ = {
			isa = PBXFrameworksBuildPhase;
			buildActionMask = 2147483647;
			files = (
				FBBA97452C38265A00473B51 /* FirebaseAnalyticsSwift in Frameworks */,
				FBBA97492C38265A00473B51 /* FirebaseAuth in Frameworks */,
				FBBA97412C38265A00473B51 /* FirebaseAnalytics in Frameworks */,
				FBBA974D2C38265A00473B51 /* FirebaseFirestoreSwift in Frameworks */,
				FBBA97432C38265A00473B51 /* FirebaseAnalyticsOnDeviceConversion in Frameworks */,
				FBBA97472C38265A00473B51 /* FirebaseAnalyticsWithoutAdIdSupport in Frameworks */,
				FBBA974B2C38265A00473B51 /* FirebaseFirestore in Frameworks */,
			);
			runOnlyForDeploymentPostprocessing = 0;
		};
/* End PBXFrameworksBuildPhase section */

/* Begin PBXGroup section */
		33388CD62C67661600DECDC3 /* Helper */ = {
			isa = PBXGroup;
			children = (
				33388CD72C67662600DECDC3 /* KeychainHelper.swift */,
			);
			path = Helper;
			sourceTree = "<group>";
		};
		FBBA97232C3821E500473B51 = {
			isa = PBXGroup;
			children = (
				FBBA972E2C3821E500473B51 /* PickPack */,
				FBBA972D2C3821E500473B51 /* Products */,
			);
			sourceTree = "<group>";
		};
		FBBA972D2C3821E500473B51 /* Products */ = {
			isa = PBXGroup;
			children = (
				FBBA972C2C3821E500473B51 /* PickPack.app */,
			);
			name = Products;
			sourceTree = "<group>";
		};
		FBBA972E2C3821E500473B51 /* PickPack */ = {
			isa = PBXGroup;
			children = (
				33388CD52C6760DB00DECDC3 /* PickPack.entitlements */,
				FBBA97512C43B88300473B51 /* View */,
				FBBA974E2C3C20B700473B51 /* Manager */,
				FBBA972F2C3821E500473B51 /* PickPackApp.swift */,
				33388CD62C67661600DECDC3 /* Helper */,
				FBBA97332C3821E700473B51 /* Assets.xcassets */,
				FBBA973D2C3825C100473B51 /* GoogleService-Info.plist */,
				FBBA97352C3821E700473B51 /* Preview Content */,
			);
			path = PickPack;
			sourceTree = "<group>";
		};
		FBBA97352C3821E700473B51 /* Preview Content */ = {
			isa = PBXGroup;
			children = (
				FBBA97362C3821E700473B51 /* Preview Assets.xcassets */,
			);
			path = "Preview Content";
			sourceTree = "<group>";
		};
		FBBA974E2C3C20B700473B51 /* Manager */ = {
			isa = PBXGroup;
			children = (
				FBBA974F2C3C20E200473B51 /* AuthManager.swift */,
				33388CD92C67747700DECDC3 /* AppleAuthManager.swift */,
			);
			path = Manager;
			sourceTree = "<group>";
		};
		FBBA97512C43B88300473B51 /* View */ = {
			isa = PBXGroup;
			children = (
				FBBA97312C3821E500473B51 /* ContentView.swift */,
				FBBA97542C43C0A500473B51 /* MainView.swift */,
				FBBA97522C43B89000473B51 /* SignUpView.swift */,
				FBBA97562C43C18100473B51 /* SignInView.swift */,
				FB16D3E22C4D269400FD2F7E /* CarouselView.swift */,
				FB16D4662C52AC7D00FD2F7E /* TicketView.swift */,
				FB16D4682C52ADB800FD2F7E /* EmptyTicketView.swift */,
				33388CD32C6760AF00DECDC3 /* AppleLoginView.swift */,
			);
			path = View;
			sourceTree = "<group>";
		};
/* End PBXGroup section */

/* Begin PBXNativeTarget section */
		FBBA972B2C3821E500473B51 /* PickPack */ = {
			isa = PBXNativeTarget;
			buildConfigurationList = FBBA973A2C3821E700473B51 /* Build configuration list for PBXNativeTarget "PickPack" */;
			buildPhases = (
				FBBA97282C3821E500473B51 /* Sources */,
				FBBA97292C3821E500473B51 /* Frameworks */,
				FBBA972A2C3821E500473B51 /* Resources */,
			);
			buildRules = (
			);
			dependencies = (
			);
			name = PickPack;
			packageProductDependencies = (
				FBBA97402C38265A00473B51 /* FirebaseAnalytics */,
				FBBA97422C38265A00473B51 /* FirebaseAnalyticsOnDeviceConversion */,
				FBBA97442C38265A00473B51 /* FirebaseAnalyticsSwift */,
				FBBA97462C38265A00473B51 /* FirebaseAnalyticsWithoutAdIdSupport */,
				FBBA97482C38265A00473B51 /* FirebaseAuth */,
				FBBA974A2C38265A00473B51 /* FirebaseFirestore */,
				FBBA974C2C38265A00473B51 /* FirebaseFirestoreSwift */,
			);
			productName = PickPack;
			productReference = FBBA972C2C3821E500473B51 /* PickPack.app */;
			productType = "com.apple.product-type.application";
		};
/* End PBXNativeTarget section */

/* Begin PBXProject section */
		FBBA97242C3821E500473B51 /* Project object */ = {
			isa = PBXProject;
			attributes = {
				BuildIndependentTargetsInParallel = 1;
				LastSwiftUpdateCheck = 1540;
				LastUpgradeCheck = 1540;
				TargetAttributes = {
					FBBA972B2C3821E500473B51 = {
						CreatedOnToolsVersion = 15.4;
					};
				};
			};
			buildConfigurationList = FBBA97272C3821E500473B51 /* Build configuration list for PBXProject "PickPack" */;
			compatibilityVersion = "Xcode 14.0";
			developmentRegion = en;
			hasScannedForEncodings = 0;
			knownRegions = (
				en,
				Base,
			);
			mainGroup = FBBA97232C3821E500473B51;
			packageReferences = (
				FBBA973F2C38265A00473B51 /* XCRemoteSwiftPackageReference "firebase-ios-sdk" */,
			);
			productRefGroup = FBBA972D2C3821E500473B51 /* Products */;
			projectDirPath = "";
			projectRoot = "";
			targets = (
				FBBA972B2C3821E500473B51 /* PickPack */,
			);
		};
/* End PBXProject section */

/* Begin PBXResourcesBuildPhase section */
		FBBA972A2C3821E500473B51 /* Resources */ = {
			isa = PBXResourcesBuildPhase;
			buildActionMask = 2147483647;
			files = (
				FBBA97372C3821E700473B51 /* Preview Assets.xcassets in Resources */,
				FBBA97342C3821E700473B51 /* Assets.xcassets in Resources */,
				FBBA973E2C3825C100473B51 /* GoogleService-Info.plist in Resources */,
			);
			runOnlyForDeploymentPostprocessing = 0;
		};
/* End PBXResourcesBuildPhase section */

/* Begin PBXSourcesBuildPhase section */
		FBBA97282C3821E500473B51 /* Sources */ = {
			isa = PBXSourcesBuildPhase;
			buildActionMask = 2147483647;
			files = (
				33388CDA2C67747700DECDC3 /* AppleAuthManager.swift in Sources */,
				FBBA97572C43C18100473B51 /* SignInView.swift in Sources */,
				33388CD42C6760AF00DECDC3 /* AppleLoginView.swift in Sources */,
				FBBA97532C43B89000473B51 /* SignUpView.swift in Sources */,
				FB16D4672C52AC7D00FD2F7E /* TicketView.swift in Sources */,
				FBBA97322C3821E500473B51 /* ContentView.swift in Sources */,
				33388CD82C67662600DECDC3 /* KeychainHelper.swift in Sources */,
				FBBA97502C3C20E200473B51 /* AuthManager.swift in Sources */,
				FB16D3E32C4D269400FD2F7E /* CarouselView.swift in Sources */,
				FB16D4692C52ADB800FD2F7E /* EmptyTicketView.swift in Sources */,
				FBBA97552C43C0A500473B51 /* MainView.swift in Sources */,
				FBBA97302C3821E500473B51 /* PickPackApp.swift in Sources */,
			);
			runOnlyForDeploymentPostprocessing = 0;
		};
/* End PBXSourcesBuildPhase section */

/* Begin XCBuildConfiguration section */
		FBBA97382C3821E700473B51 /* Debug */ = {
			isa = XCBuildConfiguration;
			buildSettings = {
				ALWAYS_SEARCH_USER_PATHS = NO;
				ASSETCATALOG_COMPILER_GENERATE_SWIFT_ASSET_SYMBOL_EXTENSIONS = YES;
				CLANG_ANALYZER_NONNULL = YES;
				CLANG_ANALYZER_NUMBER_OBJECT_CONVERSION = YES_AGGRESSIVE;
				CLANG_CXX_LANGUAGE_STANDARD = "gnu++20";
				CLANG_ENABLE_MODULES = YES;
				CLANG_ENABLE_OBJC_ARC = YES;
				CLANG_ENABLE_OBJC_WEAK = YES;
				CLANG_WARN_BLOCK_CAPTURE_AUTORELEASING = YES;
				CLANG_WARN_BOOL_CONVERSION = YES;
				CLANG_WARN_COMMA = YES;
				CLANG_WARN_CONSTANT_CONVERSION = YES;
				CLANG_WARN_DEPRECATED_OBJC_IMPLEMENTATIONS = YES;
				CLANG_WARN_DIRECT_OBJC_ISA_USAGE = YES_ERROR;
				CLANG_WARN_DOCUMENTATION_COMMENTS = YES;
				CLANG_WARN_EMPTY_BODY = YES;
				CLANG_WARN_ENUM_CONVERSION = YES;
				CLANG_WARN_INFINITE_RECURSION = YES;
				CLANG_WARN_INT_CONVERSION = YES;
				CLANG_WARN_NON_LITERAL_NULL_CONVERSION = YES;
				CLANG_WARN_OBJC_IMPLICIT_RETAIN_SELF = YES;
				CLANG_WARN_OBJC_LITERAL_CONVERSION = YES;
				CLANG_WARN_OBJC_ROOT_CLASS = YES_ERROR;
				CLANG_WARN_QUOTED_INCLUDE_IN_FRAMEWORK_HEADER = YES;
				CLANG_WARN_RANGE_LOOP_ANALYSIS = YES;
				CLANG_WARN_STRICT_PROTOTYPES = YES;
				CLANG_WARN_SUSPICIOUS_MOVE = YES;
				CLANG_WARN_UNGUARDED_AVAILABILITY = YES_AGGRESSIVE;
				CLANG_WARN_UNREACHABLE_CODE = YES;
				CLANG_WARN__DUPLICATE_METHOD_MATCH = YES;
				COPY_PHASE_STRIP = NO;
				DEBUG_INFORMATION_FORMAT = dwarf;
				ENABLE_STRICT_OBJC_MSGSEND = YES;
				ENABLE_TESTABILITY = YES;
				ENABLE_USER_SCRIPT_SANDBOXING = YES;
				GCC_C_LANGUAGE_STANDARD = gnu17;
				GCC_DYNAMIC_NO_PIC = NO;
				GCC_NO_COMMON_BLOCKS = YES;
				GCC_OPTIMIZATION_LEVEL = 0;
				GCC_PREPROCESSOR_DEFINITIONS = (
					"DEBUG=1",
					"$(inherited)",
				);
				GCC_WARN_64_TO_32_BIT_CONVERSION = YES;
				GCC_WARN_ABOUT_RETURN_TYPE = YES_ERROR;
				GCC_WARN_UNDECLARED_SELECTOR = YES;
				GCC_WARN_UNINITIALIZED_AUTOS = YES_AGGRESSIVE;
				GCC_WARN_UNUSED_FUNCTION = YES;
				GCC_WARN_UNUSED_VARIABLE = YES;
				IPHONEOS_DEPLOYMENT_TARGET = 17.5;
				LOCALIZATION_PREFERS_STRING_CATALOGS = YES;
				MTL_ENABLE_DEBUG_INFO = INCLUDE_SOURCE;
				MTL_FAST_MATH = YES;
				ONLY_ACTIVE_ARCH = YES;
				SDKROOT = iphoneos;
				SWIFT_ACTIVE_COMPILATION_CONDITIONS = "DEBUG $(inherited)";
				SWIFT_OPTIMIZATION_LEVEL = "-Onone";
			};
			name = Debug;
		};
		FBBA97392C3821E700473B51 /* Release */ = {
			isa = XCBuildConfiguration;
			buildSettings = {
				ALWAYS_SEARCH_USER_PATHS = NO;
				ASSETCATALOG_COMPILER_GENERATE_SWIFT_ASSET_SYMBOL_EXTENSIONS = YES;
				CLANG_ANALYZER_NONNULL = YES;
				CLANG_ANALYZER_NUMBER_OBJECT_CONVERSION = YES_AGGRESSIVE;
				CLANG_CXX_LANGUAGE_STANDARD = "gnu++20";
				CLANG_ENABLE_MODULES = YES;
				CLANG_ENABLE_OBJC_ARC = YES;
				CLANG_ENABLE_OBJC_WEAK = YES;
				CLANG_WARN_BLOCK_CAPTURE_AUTORELEASING = YES;
				CLANG_WARN_BOOL_CONVERSION = YES;
				CLANG_WARN_COMMA = YES;
				CLANG_WARN_CONSTANT_CONVERSION = YES;
				CLANG_WARN_DEPRECATED_OBJC_IMPLEMENTATIONS = YES;
				CLANG_WARN_DIRECT_OBJC_ISA_USAGE = YES_ERROR;
				CLANG_WARN_DOCUMENTATION_COMMENTS = YES;
				CLANG_WARN_EMPTY_BODY = YES;
				CLANG_WARN_ENUM_CONVERSION = YES;
				CLANG_WARN_INFINITE_RECURSION = YES;
				CLANG_WARN_INT_CONVERSION = YES;
				CLANG_WARN_NON_LITERAL_NULL_CONVERSION = YES;
				CLANG_WARN_OBJC_IMPLICIT_RETAIN_SELF = YES;
				CLANG_WARN_OBJC_LITERAL_CONVERSION = YES;
				CLANG_WARN_OBJC_ROOT_CLASS = YES_ERROR;
				CLANG_WARN_QUOTED_INCLUDE_IN_FRAMEWORK_HEADER = YES;
				CLANG_WARN_RANGE_LOOP_ANALYSIS = YES;
				CLANG_WARN_STRICT_PROTOTYPES = YES;
				CLANG_WARN_SUSPICIOUS_MOVE = YES;
				CLANG_WARN_UNGUARDED_AVAILABILITY = YES_AGGRESSIVE;
				CLANG_WARN_UNREACHABLE_CODE = YES;
				CLANG_WARN__DUPLICATE_METHOD_MATCH = YES;
				COPY_PHASE_STRIP = NO;
				DEBUG_INFORMATION_FORMAT = "dwarf-with-dsym";
				ENABLE_NS_ASSERTIONS = NO;
				ENABLE_STRICT_OBJC_MSGSEND = YES;
				ENABLE_USER_SCRIPT_SANDBOXING = YES;
				GCC_C_LANGUAGE_STANDARD = gnu17;
				GCC_NO_COMMON_BLOCKS = YES;
				GCC_WARN_64_TO_32_BIT_CONVERSION = YES;
				GCC_WARN_ABOUT_RETURN_TYPE = YES_ERROR;
				GCC_WARN_UNDECLARED_SELECTOR = YES;
				GCC_WARN_UNINITIALIZED_AUTOS = YES_AGGRESSIVE;
				GCC_WARN_UNUSED_FUNCTION = YES;
				GCC_WARN_UNUSED_VARIABLE = YES;
				IPHONEOS_DEPLOYMENT_TARGET = 17.5;
				LOCALIZATION_PREFERS_STRING_CATALOGS = YES;
				MTL_ENABLE_DEBUG_INFO = NO;
				MTL_FAST_MATH = YES;
				SDKROOT = iphoneos;
				SWIFT_COMPILATION_MODE = wholemodule;
				VALIDATE_PRODUCT = YES;
			};
			name = Release;
		};
		FBBA973B2C3821E700473B51 /* Debug */ = {
			isa = XCBuildConfiguration;
			buildSettings = {
				ASSETCATALOG_COMPILER_APPICON_NAME = AppIcon;
				ASSETCATALOG_COMPILER_GLOBAL_ACCENT_COLOR_NAME = AccentColor;
				CODE_SIGN_ENTITLEMENTS = PickPack/PickPack.entitlements;
				CODE_SIGN_STYLE = Automatic;
				CURRENT_PROJECT_VERSION = 1;
				DEVELOPMENT_ASSET_PATHS = "\"PickPack/Preview Content\"";
				DEVELOPMENT_TEAM = 6FFZZTFJHB;
				ENABLE_PREVIEWS = YES;
				GENERATE_INFOPLIST_FILE = YES;
				INFOPLIST_KEY_UIApplicationSceneManifest_Generation = YES;
				INFOPLIST_KEY_UIApplicationSupportsIndirectInputEvents = YES;
				INFOPLIST_KEY_UILaunchScreen_Generation = YES;
				INFOPLIST_KEY_UISupportedInterfaceOrientations_iPad = "UIInterfaceOrientationPortrait UIInterfaceOrientationPortraitUpsideDown UIInterfaceOrientationLandscapeLeft UIInterfaceOrientationLandscapeRight";
				INFOPLIST_KEY_UISupportedInterfaceOrientations_iPhone = "UIInterfaceOrientationPortrait UIInterfaceOrientationLandscapeLeft UIInterfaceOrientationLandscapeRight";
				IPHONEOS_DEPLOYMENT_TARGET = 17.2;
				LD_RUNPATH_SEARCH_PATHS = (
					"$(inherited)",
					"@executable_path/Frameworks",
				);
				MARKETING_VERSION = 1.0;
				PRODUCT_BUNDLE_IDENTIFIER = com.shuwn.PickPack;
				PRODUCT_NAME = "$(TARGET_NAME)";
				SWIFT_EMIT_LOC_STRINGS = YES;
				SWIFT_VERSION = 5.0;
				TARGETED_DEVICE_FAMILY = "1,2";
			};
			name = Debug;
		};
		FBBA973C2C3821E700473B51 /* Release */ = {
			isa = XCBuildConfiguration;
			buildSettings = {
				ASSETCATALOG_COMPILER_APPICON_NAME = AppIcon;
				ASSETCATALOG_COMPILER_GLOBAL_ACCENT_COLOR_NAME = AccentColor;
				CODE_SIGN_ENTITLEMENTS = PickPack/PickPack.entitlements;
				CODE_SIGN_STYLE = Automatic;
				CURRENT_PROJECT_VERSION = 1;
				DEVELOPMENT_ASSET_PATHS = "\"PickPack/Preview Content\"";
				DEVELOPMENT_TEAM = 6FFZZTFJHB;
				ENABLE_PREVIEWS = YES;
				GENERATE_INFOPLIST_FILE = YES;
				INFOPLIST_KEY_UIApplicationSceneManifest_Generation = YES;
				INFOPLIST_KEY_UIApplicationSupportsIndirectInputEvents = YES;
				INFOPLIST_KEY_UILaunchScreen_Generation = YES;
				INFOPLIST_KEY_UISupportedInterfaceOrientations_iPad = "UIInterfaceOrientationPortrait UIInterfaceOrientationPortraitUpsideDown UIInterfaceOrientationLandscapeLeft UIInterfaceOrientationLandscapeRight";
				INFOPLIST_KEY_UISupportedInterfaceOrientations_iPhone = "UIInterfaceOrientationPortrait UIInterfaceOrientationLandscapeLeft UIInterfaceOrientationLandscapeRight";
				IPHONEOS_DEPLOYMENT_TARGET = 17.2;
				LD_RUNPATH_SEARCH_PATHS = (
					"$(inherited)",
					"@executable_path/Frameworks",
				);
				MARKETING_VERSION = 1.0;
				PRODUCT_BUNDLE_IDENTIFIER = com.shuwn.PickPack;
				PRODUCT_NAME = "$(TARGET_NAME)";
				SWIFT_EMIT_LOC_STRINGS = YES;
				SWIFT_VERSION = 5.0;
				TARGETED_DEVICE_FAMILY = "1,2";
			};
			name = Release;
		};
/* End XCBuildConfiguration section */

/* Begin XCConfigurationList section */
		FBBA97272C3821E500473B51 /* Build configuration list for PBXProject "PickPack" */ = {
			isa = XCConfigurationList;
			buildConfigurations = (
				FBBA97382C3821E700473B51 /* Debug */,
				FBBA97392C3821E700473B51 /* Release */,
			);
			defaultConfigurationIsVisible = 0;
			defaultConfigurationName = Release;
		};
		FBBA973A2C3821E700473B51 /* Build configuration list for PBXNativeTarget "PickPack" */ = {
			isa = XCConfigurationList;
			buildConfigurations = (
				FBBA973B2C3821E700473B51 /* Debug */,
				FBBA973C2C3821E700473B51 /* Release */,
			);
			defaultConfigurationIsVisible = 0;
			defaultConfigurationName = Release;
		};
/* End XCConfigurationList section */

/* Begin XCRemoteSwiftPackageReference section */
		FBBA973F2C38265A00473B51 /* XCRemoteSwiftPackageReference "firebase-ios-sdk" */ = {
			isa = XCRemoteSwiftPackageReference;
			repositoryURL = "https://github.com/firebase/firebase-ios-sdk";
			requirement = {
				kind = upToNextMajorVersion;
				minimumVersion = 10.28.1;
			};
		};
/* End XCRemoteSwiftPackageReference section */

/* Begin XCSwiftPackageProductDependency section */
		FBBA97402C38265A00473B51 /* FirebaseAnalytics */ = {
			isa = XCSwiftPackageProductDependency;
			package = FBBA973F2C38265A00473B51 /* XCRemoteSwiftPackageReference "firebase-ios-sdk" */;
			productName = FirebaseAnalytics;
		};
		FBBA97422C38265A00473B51 /* FirebaseAnalyticsOnDeviceConversion */ = {
			isa = XCSwiftPackageProductDependency;
			package = FBBA973F2C38265A00473B51 /* XCRemoteSwiftPackageReference "firebase-ios-sdk" */;
			productName = FirebaseAnalyticsOnDeviceConversion;
		};
		FBBA97442C38265A00473B51 /* FirebaseAnalyticsSwift */ = {
			isa = XCSwiftPackageProductDependency;
			package = FBBA973F2C38265A00473B51 /* XCRemoteSwiftPackageReference "firebase-ios-sdk" */;
			productName = FirebaseAnalyticsSwift;
		};
		FBBA97462C38265A00473B51 /* FirebaseAnalyticsWithoutAdIdSupport */ = {
			isa = XCSwiftPackageProductDependency;
			package = FBBA973F2C38265A00473B51 /* XCRemoteSwiftPackageReference "firebase-ios-sdk" */;
			productName = FirebaseAnalyticsWithoutAdIdSupport;
		};
		FBBA97482C38265A00473B51 /* FirebaseAuth */ = {
			isa = XCSwiftPackageProductDependency;
			package = FBBA973F2C38265A00473B51 /* XCRemoteSwiftPackageReference "firebase-ios-sdk" */;
			productName = FirebaseAuth;
		};
		FBBA974A2C38265A00473B51 /* FirebaseFirestore */ = {
			isa = XCSwiftPackageProductDependency;
			package = FBBA973F2C38265A00473B51 /* XCRemoteSwiftPackageReference "firebase-ios-sdk" */;
			productName = FirebaseFirestore;
		};
		FBBA974C2C38265A00473B51 /* FirebaseFirestoreSwift */ = {
			isa = XCSwiftPackageProductDependency;
			package = FBBA973F2C38265A00473B51 /* XCRemoteSwiftPackageReference "firebase-ios-sdk" */;
			productName = FirebaseFirestoreSwift;
		};
/* End XCSwiftPackageProductDependency section */
	};
	rootObject = FBBA97242C3821E500473B51 /* Project object */;
}
